
Microsoft Visual Studio Solution File, Format Version 12.00
# Visual Studio Version 16
VisualStudioVersion = 25.0.1706.4
MinimumVisualStudioVersion = 10.0.40219.1
Project("{FAE04EC0-301F-11D3-BF4B-00C04F79EFBC}") = "11ModuleHomeWork", "11ModuleHomeWork\11ModuleHomeWork.csproj", "{2425FE5B-48D2-404D-9F2F-3D1E48B06CDA}"
EndProject
Global
	GlobalSection(SolutionConfigurationPlatforms) = preSolution
		Debug|Any CPU = Debug|Any CPU
		Release|Any CPU = Release|Any CPU
	EndGlobalSection
	GlobalSection(ProjectConfigurationPlatforms) = postSolution
		{2425FE5B-48D2-404D-9F2F-3D1E48B06CDA}.Debug|Any CPU.ActiveCfg = Debug|Any CPU
		{2425FE5B-48D2-404D-9F2F-3D1E48B06CDA}.Debug|Any CPU.Build.0 = Debug|Any CPU
		{2425FE5B-48D2-404D-9F2F-3D1E48B06CDA}.Release|Any CPU.ActiveCfg = Release|Any CPU
		{2425FE5B-48D2-404D-9F2F-3D1E48B06CDA}.Release|Any CPU.Build.0 = Release|Any CPU
	EndGlobalSection
	GlobalSection(SolutionProperties) = preSolution
		HideSolutionNode = FALSE
	EndGlobalSection
	GlobalSection(ExtensibilityGlobals) = postSolution
		SolutionGuid = {1AC50E8F-D6B1-4679-B4CF-5C7846928B80}
	EndGlobalSection
EndGlobal
